Microsoft Visual Studio Solution File, Format Version 12.00
# Visual Studio Version 17
VisualStudioVersion = 17.5.2.0
MinimumVisualStudioVersion = 10.0.40219.1
Project("{FAE04EC0-301F-11D3-BF4B-00C04F79EFBC}") = "PizzaBackend", "PizzaBackend.csproj", "{7EA6DA6B-6E7C-A2D5-DCD5-F16584744B17}"
EndProject
Global
	GlobalSection(SolutionConfigurationPlatforms) = preSolution
		Debug|Any CPU = Debug|Any CPU
		Release|Any CPU = Release|Any CPU
	EndGlobalSection
	GlobalSection(ProjectConfigurationPlatforms) = postSolution
		{7EA6DA6B-6E7C-A2D5-DCD5-F16584744B17}.Debug|Any CPU.ActiveCfg = Debug|Any CPU
		{7EA6DA6B-6E7C-A2D5-DCD5-F16584744B17}.Debug|Any CPU.Build.0 = Debug|Any CPU
		{7EA6DA6B-6E7C-A2D5-DCD5-F16584744B17}.Release|Any CPU.ActiveCfg = Release|Any CPU
		{7EA6DA6B-6E7C-A2D5-DCD5-F16584744B17}.Release|Any CPU.Build.0 = Release|Any CPU
	EndGlobalSection
	GlobalSection(SolutionProperties) = preSolution
		HideSolutionNode = FALSE
	EndGlobalSection
	GlobalSection(ExtensibilityGlobals) = postSolution
		SolutionGuid = {E4B2AB65-A40A-481D-8988-BD8C2ED9827E}
	EndGlobalSection
EndGlobal
